
Microsoft Visual Studio Solution File, Format Version 12.00
# Visual Studio Version 17
VisualStudioVersion = 17.7.34018.315
MinimumVisualStudioVersion = 10.0.40219.1
Project("{FAE04EC0-301F-11D3-BF4B-00C04F79EFBC}") = "uppgift3.4", "uppgift3.4\uppgift3.4.csproj", "{1F66D706-83D6-43CC-8E3C-3C356F28F11A}"
EndProject
Global
	GlobalSection(SolutionConfigurationPlatforms) = preSolution
		Debug|Any CPU = Debug|Any CPU
		Release|Any CPU = Release|Any CPU
	EndGlobalSection
	GlobalSection(ProjectConfigurationPlatforms) = postSolution
		{1F66D706-83D6-43CC-8E3C-3C356F28F11A}.Debug|Any CPU.ActiveCfg = Debug|Any CPU
		{1F66D706-83D6-43CC-8E3C-3C356F28F11A}.Debug|Any CPU.Build.0 = Debug|Any CPU
		{1F66D706-83D6-43CC-8E3C-3C356F28F11A}.Release|Any CPU.ActiveCfg = Release|Any CPU
		{1F66D706-83D6-43CC-8E3C-3C356F28F11A}.Release|Any CPU.Build.0 = Release|Any CPU
	EndGlobalSection
	GlobalSection(SolutionProperties) = preSolution
		HideSolutionNode = FALSE
	EndGlobalSection
	GlobalSection(ExtensibilityGlobals) = postSolution
		SolutionGuid = {10C48AA3-0D56-4652-93DD-825DAD5CA441}
	EndGlobalSection
EndGlobal
